// !$*UTF8*$!
{
	archiveVersion = 1;
	classes = {
	};
	objectVersion = 56;
	objects = {

/* Begin PBXBuildFile section */
		5B08F36E299CBAD000DDA5ED /* ErrorAlertModel.swift in Sources */ = {isa = PBXBuildFile; fileRef = 5B08F36D299CBAD000DDA5ED /* ErrorAlertModel.swift */; };
		5B08F370299CBB9200DDA5ED /* ErrorAuthAlertPresenter.swift in Sources */ = {isa = PBXBuildFile; fileRef = 5B08F36F299CBB9200DDA5ED /* ErrorAuthAlertPresenter.swift */; };
		5B08F372299CBBD500DDA5ED /* ErrorAuthAlertPresenterProtocol.swift in Sources */ = {isa = PBXBuildFile; fileRef = 5B08F371299CBBD500DDA5ED /* ErrorAuthAlertPresenterProtocol.swift */; };
		5B08F374299CBC7F00DDA5ED /* AuthErrorAlertPresenterDelegate.swift in Sources */ = {isa = PBXBuildFile; fileRef = 5B08F373299CBC7F00DDA5ED /* AuthErrorAlertPresenterDelegate.swift */; };
		5B08F377299CCECE00DDA5ED /* Kingfisher in Frameworks */ = {isa = PBXBuildFile; productRef = 5B08F376299CCECE00DDA5ED /* Kingfisher */; };
		5B54BD06299E0BAD004B5B79 /* SwiftKeychainWrapper in Frameworks */ = {isa = PBXBuildFile; productRef = 5B54BD05299E0BAD004B5B79 /* SwiftKeychainWrapper */; };
		5B54BD08299E1065004B5B79 /* TabBarController.swift in Sources */ = {isa = PBXBuildFile; fileRef = 5B54BD07299E1065004B5B79 /* TabBarController.swift */; };
		5B54BD0A299E1B3D004B5B79 /* SplashViewControllerScreen.swift in Sources */ = {isa = PBXBuildFile; fileRef = 5B54BD09299E1B3D004B5B79 /* SplashViewControllerScreen.swift */; };
		5B54BD0E299E3D79004B5B79 /* AuthViewControllerScreen.swift in Sources */ = {isa = PBXBuildFile; fileRef = 5B54BD0D299E3D79004B5B79 /* AuthViewControllerScreen.swift */; };
		5B54BD11299E4043004B5B79 /* UIView+extension.swift in Sources */ = {isa = PBXBuildFile; fileRef = 5B54BD10299E4043004B5B79 /* UIView+extension.swift */; };
		5B54BD13299E4699004B5B79 /* UIViewController+extension.swift in Sources */ = {isa = PBXBuildFile; fileRef = 5B54BD12299E4699004B5B79 /* UIViewController+extension.swift */; };
		5B54BD16299E49D8004B5B79 /* WebViewView.swift in Sources */ = {isa = PBXBuildFile; fileRef = 5B54BD15299E49D8004B5B79 /* WebViewView.swift */; };
		5B54BD1A299E57A0004B5B79 /* SingleImageViewControllerScreen.swift in Sources */ = {isa = PBXBuildFile; fileRef = 5B54BD19299E57A0004B5B79 /* SingleImageViewControllerScreen.swift */; };
		5B61395F29B9D13D0080CCE2 /* WebViewPresenter.swift in Sources */ = {isa = PBXBuildFile; fileRef = 5B61395E29B9D13D0080CCE2 /* WebViewPresenter.swift */; };
		5B61396129BA413C0080CCE2 /* AuthHelperProtocol.swift in Sources */ = {isa = PBXBuildFile; fileRef = 5B61396029BA413C0080CCE2 /* AuthHelperProtocol.swift */; };
		5B61396329BA419B0080CCE2 /* AuthHelper.swift in Sources */ = {isa = PBXBuildFile; fileRef = 5B61396229BA419B0080CCE2 /* AuthHelper.swift */; };
		5B61396B29BB13BD0080CCE2 /* WebViewTests.swift in Sources */ = {isa = PBXBuildFile; fileRef = 5B61396A29BB13BD0080CCE2 /* WebViewTests.swift */; };
		5B61397229BB14AD0080CCE2 /* WebViewPresenterSpy.swift in Sources */ = {isa = PBXBuildFile; fileRef = 5B61397129BB14AD0080CCE2 /* WebViewPresenterSpy.swift */; };
		5B61397429BB207B0080CCE2 /* WebViewViewSpy.swift in Sources */ = {isa = PBXBuildFile; fileRef = 5B61397329BB207B0080CCE2 /* WebViewViewSpy.swift */; };
		5B61397629BB26950080CCE2 /* WebViewViewControllerSpy.swift in Sources */ = {isa = PBXBuildFile; fileRef = 5B61397529BB26950080CCE2 /* WebViewViewControllerSpy.swift */; };
		5B6502AE29A9F1DC00FF2479 /* LoadImageErrorAlertPresenter.swift in Sources */ = {isa = PBXBuildFile; fileRef = 5B6502AD29A9F1DC00FF2479 /* LoadImageErrorAlertPresenter.swift */; };
		5B6502B029A9F2B300FF2479 /* LoadImageErrorAlertProtocol.swift in Sources */ = {isa = PBXBuildFile; fileRef = 5B6502AF29A9F2B300FF2479 /* LoadImageErrorAlertProtocol.swift */; };
		5B6502B529A9FF0500FF2479 /* LogoutAlertModel.swift in Sources */ = {isa = PBXBuildFile; fileRef = 5B6502B429A9FF0500FF2479 /* LogoutAlertModel.swift */; };
		5B6502B729A9FF3A00FF2479 /* LogoutAlertPresenterDelegate.swift in Sources */ = {isa = PBXBuildFile; fileRef = 5B6502B629A9FF3A00FF2479 /* LogoutAlertPresenterDelegate.swift */; };
		5B6502B929A9FF8400FF2479 /* LogoutAlertPresenterProtocol.swift in Sources */ = {isa = PBXBuildFile; fileRef = 5B6502B829A9FF8400FF2479 /* LogoutAlertPresenterProtocol.swift */; };
		5B6502BB29A9FFA600FF2479 /* LogoutAlertPresenter.swift in Sources */ = {isa = PBXBuildFile; fileRef = 5B6502BA29A9FFA600FF2479 /* LogoutAlertPresenter.swift */; };
		5B7F822A2953766A00BC9138 /* SF-Pro.ttf in Resources */ = {isa = PBXBuildFile; fileRef = 5B7F82292953766700BC9138 /* SF-Pro.ttf */; };
		5B7F822D29537BB500BC9138 /* Collection+extension.swift in Sources */ = {isa = PBXBuildFile; fileRef = 5B7F822C29537BB500BC9138 /* Collection+extension.swift */; };
		5B7F822F29537CA100BC9138 /* ImagesListCell.swift in Sources */ = {isa = PBXBuildFile; fileRef = 5B7F822E29537CA100BC9138 /* ImagesListCell.swift */; };
		5B83C9A529A3561100533850 /* ImageListService.swift in Sources */ = {isa = PBXBuildFile; fileRef = 5B83C9A429A3561100533850 /* ImageListService.swift */; };
		5B83C9A729A3567600533850 /* Photo.swift in Sources */ = {isa = PBXBuildFile; fileRef = 5B83C9A629A3567600533850 /* Photo.swift */; };
		5B83C9A929A3590000533850 /* PhotoResult.swift in Sources */ = {isa = PBXBuildFile; fileRef = 5B83C9A829A3590000533850 /* PhotoResult.swift */; };
		5B8CCDD329503B3F002E601E /* AppDelegate.swift in Sources */ = {isa = PBXBuildFile; fileRef = 5B8CCDD229503B3F002E601E /* AppDelegate.swift */; };
		5B8CCDD529503B3F002E601E /* SceneDelegate.swift in Sources */ = {isa = PBXBuildFile; fileRef = 5B8CCDD429503B3F002E601E /* SceneDelegate.swift */; };
		5B8CCDD729503B3F002E601E /* ImagesListViewController.swift in Sources */ = {isa = PBXBuildFile; fileRef = 5B8CCDD629503B3F002E601E /* ImagesListViewController.swift */; };
		5B8CCDDC29503B40002E601E /* Assets.xcassets in Resources */ = {isa = PBXBuildFile; fileRef = 5B8CCDDB29503B40002E601E /* Assets.xcassets */; };
		5B8CCDDF29503B40002E601E /* LaunchScreen.storyboard in Resources */ = {isa = PBXBuildFile; fileRef = 5B8CCDDD29503B40002E601E /* LaunchScreen.storyboard */; };
		5B9DE29B29BC6F1C0049E383 /* ProfilePresenter.swift in Sources */ = {isa = PBXBuildFile; fileRef = 5B9DE29A29BC6F1C0049E383 /* ProfilePresenter.swift */; };
		5B9DE2A129BC7C5F0049E383 /* ProfilePresenterSpy.swift in Sources */ = {isa = PBXBuildFile; fileRef = 5B9DE2A029BC7C5F0049E383 /* ProfilePresenterSpy.swift */; };
		5B9DE2A329BC7CF10049E383 /* ProfileViewSpy.swift in Sources */ = {isa = PBXBuildFile; fileRef = 5B9DE2A229BC7CF10049E383 /* ProfileViewSpy.swift */; };
		5B9DE2A529BC7D4E0049E383 /* ProfileViewControllerSpy.swift in Sources */ = {isa = PBXBuildFile; fileRef = 5B9DE2A429BC7D4E0049E383 /* ProfileViewControllerSpy.swift */; };
		5B9DE2A729BC7DE10049E383 /* ProfileViewTests.swift in Sources */ = {isa = PBXBuildFile; fileRef = 5B9DE2A629BC7DE10049E383 /* ProfileViewTests.swift */; };
		5B9DE2A929BC8DFE0049E383 /* ProfileHelperProtocol.swift in Sources */ = {isa = PBXBuildFile; fileRef = 5B9DE2A829BC8DFE0049E383 /* ProfileHelperProtocol.swift */; };
		5B9DE2AB29BC8E140049E383 /* ProfileHelper.swift in Sources */ = {isa = PBXBuildFile; fileRef = 5B9DE2AA29BC8E140049E383 /* ProfileHelper.swift */; };
		5BB39DF62950A13F009544A2 /* UIColor+extension.swift in Sources */ = {isa = PBXBuildFile; fileRef = 5BB39DF52950A13F009544A2 /* UIColor+extension.swift */; };
		5BC9864A2992282300998E33 /* ProgressHUD in Frameworks */ = {isa = PBXBuildFile; productRef = 5BC986492992282300998E33 /* ProgressHUD */; };
		5BC9864D2992820500998E33 /* UIBlokingProgressHUD.swift in Sources */ = {isa = PBXBuildFile; fileRef = 5BC9864C2992820500998E33 /* UIBlokingProgressHUD.swift */; };
		5BE0A053298A4132008EA01F /* AuthConfiguration.swift in Sources */ = {isa = PBXBuildFile; fileRef = 5BE0A052298A4132008EA01F /* AuthConfiguration.swift */; };
		5BE0A056298A44FF008EA01F /* AuthViewController.swift in Sources */ = {isa = PBXBuildFile; fileRef = 5BE0A055298A44FF008EA01F /* AuthViewController.swift */; };
		5BE0A058298A4786008EA01F /* WebViewViewController.swift in Sources */ = {isa = PBXBuildFile; fileRef = 5BE0A057298A4786008EA01F /* WebViewViewController.swift */; };
		5BE0A05B298A4A3C008EA01F /* OAuthTokenResponseBody.swift in Sources */ = {isa = PBXBuildFile; fileRef = 5BE0A05A298A4A3C008EA01F /* OAuthTokenResponseBody.swift */; };
		5BE0A05E298A4AD6008EA01F /* OAuth2Service.swift in Sources */ = {isa = PBXBuildFile; fileRef = 5BE0A05D298A4AD6008EA01F /* OAuth2Service.swift */; };
		5BE0A060298A4B38008EA01F /* URLRequest+extension.swift in Sources */ = {isa = PBXBuildFile; fileRef = 5BE0A05F298A4B38008EA01F /* URLRequest+extension.swift */; };
		5BE0A062298A4BB9008EA01F /* URLSession+extension.swift in Sources */ = {isa = PBXBuildFile; fileRef = 5BE0A061298A4BB9008EA01F /* URLSession+extension.swift */; };
		5BE0A064298A4D24008EA01F /* OAuth2TokenStorage.swift in Sources */ = {isa = PBXBuildFile; fileRef = 5BE0A063298A4D24008EA01F /* OAuth2TokenStorage.swift */; };
		5BE0A067298A54C3008EA01F /* SplashViewController.swift in Sources */ = {isa = PBXBuildFile; fileRef = 5BE0A066298A54C3008EA01F /* SplashViewController.swift */; };
		5BF1E30D299AA48700A0BA08 /* ProfileService.swift in Sources */ = {isa = PBXBuildFile; fileRef = 5BF1E30C299AA48700A0BA08 /* ProfileService.swift */; };
		5BF1E311299AA4D900A0BA08 /* ProfileResult.swift in Sources */ = {isa = PBXBuildFile; fileRef = 5BF1E310299AA4D900A0BA08 /* ProfileResult.swift */; };
		5BF1E313299AA59C00A0BA08 /* Profile.swift in Sources */ = {isa = PBXBuildFile; fileRef = 5BF1E312299AA59C00A0BA08 /* Profile.swift */; };
		5BF1E319299AB83800A0BA08 /* ProfileImageService.swift in Sources */ = {isa = PBXBuildFile; fileRef = 5BF1E318299AB83800A0BA08 /* ProfileImageService.swift */; };
		5BF1E31C299AB85E00A0BA08 /* UserResult.swift in Sources */ = {isa = PBXBuildFile; fileRef = 5BF1E31B299AB85E00A0BA08 /* UserResult.swift */; };
		5BF2D1F8296C6F1D00BD3EC5 /* ProfileViewController.swift in Sources */ = {isa = PBXBuildFile; fileRef = 5BF2D1F7296C6F1D00BD3EC5 /* ProfileViewController.swift */; };
		5BF2D1FA296C6F5000BD3EC5 /* ProfileView.swift in Sources */ = {isa = PBXBuildFile; fileRef = 5BF2D1F9296C6F5000BD3EC5 /* ProfileView.swift */; };
		5BF2D1FC296C76E400BD3EC5 /* SingleImageViewController.swift in Sources */ = {isa = PBXBuildFile; fileRef = 5BF2D1FB296C76E400BD3EC5 /* SingleImageViewController.swift */; };
		5BF2D1FF296C82C000BD3EC5 /* SharingPresenter.swift in Sources */ = {isa = PBXBuildFile; fileRef = 5BF2D1FE296C82C000BD3EC5 /* SharingPresenter.swift */; };
		5BF2D201296C82EE00BD3EC5 /* SharingPresenterProtocol.swift in Sources */ = {isa = PBXBuildFile; fileRef = 5BF2D200296C82EE00BD3EC5 /* SharingPresenterProtocol.swift */; };
		5BF2D203296C830500BD3EC5 /* SharingPresenterDelegate.swift in Sources */ = {isa = PBXBuildFile; fileRef = 5BF2D202296C830500BD3EC5 /* SharingPresenterDelegate.swift */; };
/* End PBXBuildFile section */

/* Begin PBXContainerItemProxy section */
		5B61396C29BB13BD0080CCE2 /* PBXContainerItemProxy */ = {
			isa = PBXContainerItemProxy;
			containerPortal = 5B8CCDC729503B3F002E601E /* Project object */;
			proxyType = 1;
			remoteGlobalIDString = 5B8CCDCE29503B3F002E601E;
			remoteInfo = ImageFeed;
		};
/* End PBXContainerItemProxy section */

/* Begin PBXFileReference section */
		5B08F36D299CBAD000DDA5ED /* ErrorAlertModel.swift */ = {isa = PBXFileReference; lastKnownFileType = sourcecode.swift; path = ErrorAlertModel.swift; sourceTree = "<group>"; };
		5B08F36F299CBB9200DDA5ED /* ErrorAuthAlertPresenter.swift */ = {isa = PBXFileReference; lastKnownFileType = sourcecode.swift; path = ErrorAuthAlertPresenter.swift; sourceTree = "<group>"; };
		5B08F371299CBBD500DDA5ED /* ErrorAuthAlertPresenterProtocol.swift */ = {isa = PBXFileReference; lastKnownFileType = sourcecode.swift; path = ErrorAuthAlertPresenterProtocol.swift; sourceTree = "<group>"; };
		5B08F373299CBC7F00DDA5ED /* AuthErrorAlertPresenterDelegate.swift */ = {isa = PBXFileReference; lastKnownFileType = sourcecode.swift; path = AuthErrorAlertPresenterDelegate.swift; sourceTree = "<group>"; };
		5B54BD07299E1065004B5B79 /* TabBarController.swift */ = {isa = PBXFileReference; lastKnownFileType = sourcecode.swift; path = TabBarController.swift; sourceTree = "<group>"; };
		5B54BD09299E1B3D004B5B79 /* SplashViewControllerScreen.swift */ = {isa = PBXFileReference; lastKnownFileType = sourcecode.swift; path = SplashViewControllerScreen.swift; sourceTree = "<group>"; };
		5B54BD0D299E3D79004B5B79 /* AuthViewControllerScreen.swift */ = {isa = PBXFileReference; lastKnownFileType = sourcecode.swift; path = AuthViewControllerScreen.swift; sourceTree = "<group>"; };
		5B54BD10299E4043004B5B79 /* UIView+extension.swift */ = {isa = PBXFileReference; lastKnownFileType = sourcecode.swift; path = "UIView+extension.swift"; sourceTree = "<group>"; };
		5B54BD12299E4699004B5B79 /* UIViewController+extension.swift */ = {isa = PBXFileReference; lastKnownFileType = sourcecode.swift; path = "UIViewController+extension.swift"; sourceTree = "<group>"; };
		5B54BD15299E49D8004B5B79 /* WebViewView.swift */ = {isa = PBXFileReference; lastKnownFileType = sourcecode.swift; path = WebViewView.swift; sourceTree = "<group>"; };
		5B54BD19299E57A0004B5B79 /* SingleImageViewControllerScreen.swift */ = {isa = PBXFileReference; lastKnownFileType = sourcecode.swift; path = SingleImageViewControllerScreen.swift; sourceTree = "<group>"; };
		5B61395E29B9D13D0080CCE2 /* WebViewPresenter.swift */ = {isa = PBXFileReference; lastKnownFileType = sourcecode.swift; path = WebViewPresenter.swift; sourceTree = "<group>"; };
		5B61396029BA413C0080CCE2 /* AuthHelperProtocol.swift */ = {isa = PBXFileReference; lastKnownFileType = sourcecode.swift; path = AuthHelperProtocol.swift; sourceTree = "<group>"; };
		5B61396229BA419B0080CCE2 /* AuthHelper.swift */ = {isa = PBXFileReference; lastKnownFileType = sourcecode.swift; path = AuthHelper.swift; sourceTree = "<group>"; };
		5B61396829BB13BD0080CCE2 /* ImageFeedTests.xctest */ = {isa = PBXFileReference; explicitFileType = wrapper.cfbundle; includeInIndex = 0; path = ImageFeedTests.xctest; sourceTree = BUILT_PRODUCTS_DIR; };
		5B61396A29BB13BD0080CCE2 /* WebViewTests.swift */ = {isa = PBXFileReference; lastKnownFileType = sourcecode.swift; path = WebViewTests.swift; sourceTree = "<group>"; };
		5B61397129BB14AD0080CCE2 /* WebViewPresenterSpy.swift */ = {isa = PBXFileReference; lastKnownFileType = sourcecode.swift; path = WebViewPresenterSpy.swift; sourceTree = "<group>"; };
		5B61397329BB207B0080CCE2 /* WebViewViewSpy.swift */ = {isa = PBXFileReference; lastKnownFileType = sourcecode.swift; path = WebViewViewSpy.swift; sourceTree = "<group>"; };
		5B61397529BB26950080CCE2 /* WebViewViewControllerSpy.swift */ = {isa = PBXFileReference; lastKnownFileType = sourcecode.swift; path = WebViewViewControllerSpy.swift; sourceTree = "<group>"; };
		5B6502AD29A9F1DC00FF2479 /* LoadImageErrorAlertPresenter.swift */ = {isa = PBXFileReference; lastKnownFileType = sourcecode.swift; path = LoadImageErrorAlertPresenter.swift; sourceTree = "<group>"; };
		5B6502AF29A9F2B300FF2479 /* LoadImageErrorAlertProtocol.swift */ = {isa = PBXFileReference; lastKnownFileType = sourcecode.swift; path = LoadImageErrorAlertProtocol.swift; sourceTree = "<group>"; };
		5B6502B429A9FF0500FF2479 /* LogoutAlertModel.swift */ = {isa = PBXFileReference; lastKnownFileType = sourcecode.swift; path = LogoutAlertModel.swift; sourceTree = "<group>"; };
		5B6502B629A9FF3A00FF2479 /* LogoutAlertPresenterDelegate.swift */ = {isa = PBXFileReference; lastKnownFileType = sourcecode.swift; path = LogoutAlertPresenterDelegate.swift; sourceTree = "<group>"; };
		5B6502B829A9FF8400FF2479 /* LogoutAlertPresenterProtocol.swift */ = {isa = PBXFileReference; lastKnownFileType = sourcecode.swift; path = LogoutAlertPresenterProtocol.swift; sourceTree = "<group>"; };
		5B6502BA29A9FFA600FF2479 /* LogoutAlertPresenter.swift */ = {isa = PBXFileReference; lastKnownFileType = sourcecode.swift; path = LogoutAlertPresenter.swift; sourceTree = "<group>"; };
		5B7F82292953766700BC9138 /* SF-Pro.ttf */ = {isa = PBXFileReference; lastKnownFileType = file; path = "SF-Pro.ttf"; sourceTree = "<group>"; };
		5B7F822C29537BB500BC9138 /* Collection+extension.swift */ = {isa = PBXFileReference; lastKnownFileType = sourcecode.swift; path = "Collection+extension.swift"; sourceTree = "<group>"; };
		5B7F822E29537CA100BC9138 /* ImagesListCell.swift */ = {isa = PBXFileReference; lastKnownFileType = sourcecode.swift; path = ImagesListCell.swift; sourceTree = "<group>"; };
		5B83C9A429A3561100533850 /* ImageListService.swift */ = {isa = PBXFileReference; lastKnownFileType = sourcecode.swift; path = ImageListService.swift; sourceTree = "<group>"; };
		5B83C9A629A3567600533850 /* Photo.swift */ = {isa = PBXFileReference; lastKnownFileType = sourcecode.swift; path = Photo.swift; sourceTree = "<group>"; };
		5B83C9A829A3590000533850 /* PhotoResult.swift */ = {isa = PBXFileReference; lastKnownFileType = sourcecode.swift; path = PhotoResult.swift; sourceTree = "<group>"; };
		5B8CCDCF29503B3F002E601E /* ImageFeed.app */ = {isa = PBXFileReference; explicitFileType = wrapper.application; includeInIndex = 0; path = ImageFeed.app; sourceTree = BUILT_PRODUCTS_DIR; };
		5B8CCDD229503B3F002E601E /* AppDelegate.swift */ = {isa = PBXFileReference; lastKnownFileType = sourcecode.swift; path = AppDelegate.swift; sourceTree = "<group>"; };
		5B8CCDD429503B3F002E601E /* SceneDelegate.swift */ = {isa = PBXFileReference; lastKnownFileType = sourcecode.swift; path = SceneDelegate.swift; sourceTree = "<group>"; };
		5B8CCDD629503B3F002E601E /* ImagesListViewController.swift */ = {isa = PBXFileReference; lastKnownFileType = sourcecode.swift; path = ImagesListViewController.swift; sourceTree = "<group>"; };
		5B8CCDDB29503B40002E601E /* Assets.xcassets */ = {isa = PBXFileReference; lastKnownFileType = folder.assetcatalog; path = Assets.xcassets; sourceTree = "<group>"; };
		5B8CCDDE29503B40002E601E /* Base */ = {isa = PBXFileReference; lastKnownFileType = file.storyboard; name = Base; path = Base.lproj/LaunchScreen.storyboard; sourceTree = "<group>"; };
		5B8CCDE029503B40002E601E /* Info.plist */ = {isa = PBXFileReference; lastKnownFileType = text.plist.xml; path = Info.plist; sourceTree = "<group>"; };
		5B9DE29A29BC6F1C0049E383 /* ProfilePresenter.swift */ = {isa = PBXFileReference; lastKnownFileType = sourcecode.swift; path = ProfilePresenter.swift; sourceTree = "<group>"; };
		5B9DE2A029BC7C5F0049E383 /* ProfilePresenterSpy.swift */ = {isa = PBXFileReference; lastKnownFileType = sourcecode.swift; path = ProfilePresenterSpy.swift; sourceTree = "<group>"; };
		5B9DE2A229BC7CF10049E383 /* ProfileViewSpy.swift */ = {isa = PBXFileReference; lastKnownFileType = sourcecode.swift; path = ProfileViewSpy.swift; sourceTree = "<group>"; };
		5B9DE2A429BC7D4E0049E383 /* ProfileViewControllerSpy.swift */ = {isa = PBXFileReference; lastKnownFileType = sourcecode.swift; path = ProfileViewControllerSpy.swift; sourceTree = "<group>"; };
		5B9DE2A629BC7DE10049E383 /* ProfileViewTests.swift */ = {isa = PBXFileReference; lastKnownFileType = sourcecode.swift; path = ProfileViewTests.swift; sourceTree = "<group>"; };
		5B9DE2A829BC8DFE0049E383 /* ProfileHelperProtocol.swift */ = {isa = PBXFileReference; lastKnownFileType = sourcecode.swift; path = ProfileHelperProtocol.swift; sourceTree = "<group>"; };
		5B9DE2AA29BC8E140049E383 /* ProfileHelper.swift */ = {isa = PBXFileReference; lastKnownFileType = sourcecode.swift; path = ProfileHelper.swift; sourceTree = "<group>"; };
		5BB39DF52950A13F009544A2 /* UIColor+extension.swift */ = {isa = PBXFileReference; lastKnownFileType = sourcecode.swift; path = "UIColor+extension.swift"; sourceTree = "<group>"; };
		5BC9864C2992820500998E33 /* UIBlokingProgressHUD.swift */ = {isa = PBXFileReference; lastKnownFileType = sourcecode.swift; path = UIBlokingProgressHUD.swift; sourceTree = "<group>"; };
		5BE0A052298A4132008EA01F /* AuthConfiguration.swift */ = {isa = PBXFileReference; lastKnownFileType = sourcecode.swift; path = AuthConfiguration.swift; sourceTree = "<group>"; };
		5BE0A055298A44FF008EA01F /* AuthViewController.swift */ = {isa = PBXFileReference; lastKnownFileType = sourcecode.swift; path = AuthViewController.swift; sourceTree = "<group>"; };
		5BE0A057298A4786008EA01F /* WebViewViewController.swift */ = {isa = PBXFileReference; lastKnownFileType = sourcecode.swift; path = WebViewViewController.swift; sourceTree = "<group>"; };
		5BE0A05A298A4A3C008EA01F /* OAuthTokenResponseBody.swift */ = {isa = PBXFileReference; lastKnownFileType = sourcecode.swift; path = OAuthTokenResponseBody.swift; sourceTree = "<group>"; };
		5BE0A05D298A4AD6008EA01F /* OAuth2Service.swift */ = {isa = PBXFileReference; lastKnownFileType = sourcecode.swift; path = OAuth2Service.swift; sourceTree = "<group>"; };
		5BE0A05F298A4B38008EA01F /* URLRequest+extension.swift */ = {isa = PBXFileReference; lastKnownFileType = sourcecode.swift; path = "URLRequest+extension.swift"; sourceTree = "<group>"; };
		5BE0A061298A4BB9008EA01F /* URLSession+extension.swift */ = {isa = PBXFileReference; lastKnownFileType = sourcecode.swift; path = "URLSession+extension.swift"; sourceTree = "<group>"; };
		5BE0A063298A4D24008EA01F /* OAuth2TokenStorage.swift */ = {isa = PBXFileReference; lastKnownFileType = sourcecode.swift; path = OAuth2TokenStorage.swift; sourceTree = "<group>"; };
		5BE0A066298A54C3008EA01F /* SplashViewController.swift */ = {isa = PBXFileReference; lastKnownFileType = sourcecode.swift; path = SplashViewController.swift; sourceTree = "<group>"; };
		5BF1E30C299AA48700A0BA08 /* ProfileService.swift */ = {isa = PBXFileReference; lastKnownFileType = sourcecode.swift; path = ProfileService.swift; sourceTree = "<group>"; };
		5BF1E310299AA4D900A0BA08 /* ProfileResult.swift */ = {isa = PBXFileReference; lastKnownFileType = sourcecode.swift; path = ProfileResult.swift; sourceTree = "<group>"; };
		5BF1E312299AA59C00A0BA08 /* Profile.swift */ = {isa = PBXFileReference; lastKnownFileType = sourcecode.swift; path = Profile.swift; sourceTree = "<group>"; };
		5BF1E318299AB83800A0BA08 /* ProfileImageService.swift */ = {isa = PBXFileReference; lastKnownFileType = sourcecode.swift; path = ProfileImageService.swift; sourceTree = "<group>"; };
		5BF1E31B299AB85E00A0BA08 /* UserResult.swift */ = {isa = PBXFileReference; lastKnownFileType = sourcecode.swift; path = UserResult.swift; sourceTree = "<group>"; };
		5BF2D1F7296C6F1D00BD3EC5 /* ProfileViewController.swift */ = {isa = PBXFileReference; lastKnownFileType = sourcecode.swift; path = ProfileViewController.swift; sourceTree = "<group>"; };
		5BF2D1F9296C6F5000BD3EC5 /* ProfileView.swift */ = {isa = PBXFileReference; lastKnownFileType = sourcecode.swift; path = ProfileView.swift; sourceTree = "<group>"; };
		5BF2D1FB296C76E400BD3EC5 /* SingleImageViewController.swift */ = {isa = PBXFileReference; lastKnownFileType = sourcecode.swift; path = SingleImageViewController.swift; sourceTree = "<group>"; };
		5BF2D1FE296C82C000BD3EC5 /* SharingPresenter.swift */ = {isa = PBXFileReference; lastKnownFileType = sourcecode.swift; path = SharingPresenter.swift; sourceTree = "<group>"; };
		5BF2D200296C82EE00BD3EC5 /* SharingPresenterProtocol.swift */ = {isa = PBXFileReference; lastKnownFileType = sourcecode.swift; path = SharingPresenterProtocol.swift; sourceTree = "<group>"; };
		5BF2D202296C830500BD3EC5 /* SharingPresenterDelegate.swift */ = {isa = PBXFileReference; lastKnownFileType = sourcecode.swift; path = SharingPresenterDelegate.swift; sourceTree = "<group>"; };
/* End PBXFileReference section */

/* Begin PBXFrameworksBuildPhase section */
		5B61396529BB13BD0080CCE2 /* Frameworks */ = {
			isa = PBXFrameworksBuildPhase;
			buildActionMask = 2147483647;
			files = (
			);
			runOnlyForDeploymentPostprocessing = 0;
		};
		5B8CCDCC29503B3F002E601E /* Frameworks */ = {
			isa = PBXFrameworksBuildPhase;
			buildActionMask = 2147483647;
			files = (
				5B08F377299CCECE00DDA5ED /* Kingfisher in Frameworks */,
				5BC9864A2992282300998E33 /* ProgressHUD in Frameworks */,
				5B54BD06299E0BAD004B5B79 /* SwiftKeychainWrapper in Frameworks */,
			);
			runOnlyForDeploymentPostprocessing = 0;
		};
/* End PBXFrameworksBuildPhase section */

/* Begin PBXGroup section */
		5B08F36B299CBA7200DDA5ED /* Splash */ = {
			isa = PBXGroup;
			children = (
				5B54BD0B299E1B49004B5B79 /* SplashViewController */,
			);
			path = Splash;
			sourceTree = "<group>";
		};
		5B08F36C299CBA9D00DDA5ED /* ErrorAlert */ = {
			isa = PBXGroup;
			children = (
				5B6502AC29A9F1B300FF2479 /* Model */,
				5B6502A929A9F0FA00FF2479 /* LoadImageErrorAlert */,
				5B6502A829A9F09A00FF2479 /* AuthErrorAllert */,
				5B08F373299CBC7F00DDA5ED /* AuthErrorAlertPresenterDelegate.swift */,
			);
			path = ErrorAlert;
			sourceTree = "<group>";
		};
		5B54BD0B299E1B49004B5B79 /* SplashViewController */ = {
			isa = PBXGroup;
			children = (
				5BE0A066298A54C3008EA01F /* SplashViewController.swift */,
				5B54BD09299E1B3D004B5B79 /* SplashViewControllerScreen.swift */,
			);
			path = SplashViewController;
			sourceTree = "<group>";
		};
		5B54BD0C299E3D55004B5B79 /* AuthViewController  */ = {
			isa = PBXGroup;
			children = (
				5BE0A055298A44FF008EA01F /* AuthViewController.swift */,
				5B54BD0D299E3D79004B5B79 /* AuthViewControllerScreen.swift */,
			);
			name = "AuthViewController ";
			sourceTree = "<group>";
		};
		5B54BD14299E49B8004B5B79 /* WebViewViewController */ = {
			isa = PBXGroup;
			children = (
				5BE0A057298A4786008EA01F /* WebViewViewController.swift */,
				5B54BD15299E49D8004B5B79 /* WebViewView.swift */,
				5B61395E29B9D13D0080CCE2 /* WebViewPresenter.swift */,
				5B61396029BA413C0080CCE2 /* AuthHelperProtocol.swift */,
				5B61396229BA419B0080CCE2 /* AuthHelper.swift */,
			);
			path = WebViewViewController;
			sourceTree = "<group>";
		};
		5B54BD17299E5658004B5B79 /* SingleImage */ = {
			isa = PBXGroup;
			children = (
				5B54BD18299E5669004B5B79 /* SingleImageViewController */,
				5BF2D1FD296C82A400BD3EC5 /* SharingPresenter */,
			);
			path = SingleImage;
			sourceTree = "<group>";
		};
		5B54BD18299E5669004B5B79 /* SingleImageViewController */ = {
			isa = PBXGroup;
			children = (
				5BF2D1FB296C76E400BD3EC5 /* SingleImageViewController.swift */,
				5B54BD19299E57A0004B5B79 /* SingleImageViewControllerScreen.swift */,
			);
			path = SingleImageViewController;
			sourceTree = "<group>";
		};
		5B54BD1B299F89C5004B5B79 /* ListCell */ = {
			isa = PBXGroup;
			children = (
				5B7F822E29537CA100BC9138 /* ImagesListCell.swift */,
			);
			path = ListCell;
			sourceTree = "<group>";
		};
		5B54BD20299F9304004B5B79 /* ImageList */ = {
			isa = PBXGroup;
			children = (
				5B8CCDD629503B3F002E601E /* ImagesListViewController.swift */,
			);
			path = ImageList;
			sourceTree = "<group>";
		};
		5B61396929BB13BD0080CCE2 /* ImageFeedTests */ = {
			isa = PBXGroup;
			children = (
				5B9DE29D29BC744C0049E383 /* ProfileTests */,
				5B9DE29C29BC74370049E383 /* WebViewTests */,
			);
			path = ImageFeedTests;
			sourceTree = "<group>";
		};
		5B6502A829A9F09A00FF2479 /* AuthErrorAllert */ = {
			isa = PBXGroup;
			children = (
				5B08F36F299CBB9200DDA5ED /* ErrorAuthAlertPresenter.swift */,
				5B08F371299CBBD500DDA5ED /* ErrorAuthAlertPresenterProtocol.swift */,
			);
			path = AuthErrorAllert;
			sourceTree = "<group>";
		};
		5B6502A929A9F0FA00FF2479 /* LoadImageErrorAlert */ = {
			isa = PBXGroup;
			children = (
				5B6502AD29A9F1DC00FF2479 /* LoadImageErrorAlertPresenter.swift */,
				5B6502AF29A9F2B300FF2479 /* LoadImageErrorAlertProtocol.swift */,
			);
			path = LoadImageErrorAlert;
			sourceTree = "<group>";
		};
		5B6502AC29A9F1B300FF2479 /* Model */ = {
			isa = PBXGroup;
			children = (
				5B08F36D299CBAD000DDA5ED /* ErrorAlertModel.swift */,
			);
			path = Model;
			sourceTree = "<group>";
		};
		5B6502B329A9FED900FF2479 /* LogoutAlert */ = {
			isa = PBXGroup;
			children = (
				5B6502B429A9FF0500FF2479 /* LogoutAlertModel.swift */,
				5B6502B629A9FF3A00FF2479 /* LogoutAlertPresenterDelegate.swift */,
				5B6502B829A9FF8400FF2479 /* LogoutAlertPresenterProtocol.swift */,
				5B6502BA29A9FFA600FF2479 /* LogoutAlertPresenter.swift */,
			);
			path = LogoutAlert;
			sourceTree = "<group>";
		};
		5B7F822B2953787600BC9138 /* ImageList */ = {
			isa = PBXGroup;
			children = (
				5B54BD20299F9304004B5B79 /* ImageList */,
				5B54BD1B299F89C5004B5B79 /* ListCell */,
				5B54BD17299E5658004B5B79 /* SingleImage */,
			);
			path = ImageList;
			sourceTree = "<group>";
		};
		5B83C9A129A355B000533850 /* ImageListService */ = {
			isa = PBXGroup;
			children = (
				5B83C9A229A355F000533850 /* Model */,
				5B83C9A329A355F600533850 /* Service */,
			);
			path = ImageListService;
			sourceTree = "<group>";
		};
		5B83C9A229A355F000533850 /* Model */ = {
			isa = PBXGroup;
			children = (
				5B83C9A629A3567600533850 /* Photo.swift */,
				5B83C9A829A3590000533850 /* PhotoResult.swift */,
			);
			path = Model;
			sourceTree = "<group>";
		};
		5B83C9A329A355F600533850 /* Service */ = {
			isa = PBXGroup;
			children = (
				5B83C9A429A3561100533850 /* ImageListService.swift */,
			);
			path = Service;
			sourceTree = "<group>";
		};
		5B8CCDC629503B3F002E601E = {
			isa = PBXGroup;
			children = (
				5B8CCDD129503B3F002E601E /* ImageFeed */,
				5B61396929BB13BD0080CCE2 /* ImageFeedTests */,
				5B8CCDD029503B3F002E601E /* Products */,
			);
			sourceTree = "<group>";
		};
		5B8CCDD029503B3F002E601E /* Products */ = {
			isa = PBXGroup;
			children = (
				5B8CCDCF29503B3F002E601E /* ImageFeed.app */,
				5B61396829BB13BD0080CCE2 /* ImageFeedTests.xctest */,
			);
			name = Products;
			sourceTree = "<group>";
		};
		5B8CCDD129503B3F002E601E /* ImageFeed */ = {
			isa = PBXGroup;
			children = (
				5BB39DF92950A595009544A2 /* Application */,
				5B08F36C299CBA9D00DDA5ED /* ErrorAlert */,
				5B08F36B299CBA7200DDA5ED /* Splash */,
				5BF1E314299AB7D400A0BA08 /* Services */,
				5BE0A054298A44AF008EA01F /* Authorize */,
				5B7F822B2953787600BC9138 /* ImageList */,
				5BF2D1F6296C6F0200BD3EC5 /* Profile */,
				5BB39DF72950A145009544A2 /* Helpers */,
				5BB39DF82950A555009544A2 /* Resources */,
			);
			path = ImageFeed;
			sourceTree = "<group>";
		};
		5B9DE29C29BC74370049E383 /* WebViewTests */ = {
			isa = PBXGroup;
			children = (
				5B61396A29BB13BD0080CCE2 /* WebViewTests.swift */,
				5B61397129BB14AD0080CCE2 /* WebViewPresenterSpy.swift */,
				5B61397329BB207B0080CCE2 /* WebViewViewSpy.swift */,
				5B61397529BB26950080CCE2 /* WebViewViewControllerSpy.swift */,
			);
			path = WebViewTests;
			sourceTree = "<group>";
		};
		5B9DE29D29BC744C0049E383 /* ProfileTests */ = {
			isa = PBXGroup;
			children = (
				5B9DE2A629BC7DE10049E383 /* ProfileViewTests.swift */,
				5B9DE2A029BC7C5F0049E383 /* ProfilePresenterSpy.swift */,
				5B9DE2A229BC7CF10049E383 /* ProfileViewSpy.swift */,
				5B9DE2A429BC7D4E0049E383 /* ProfileViewControllerSpy.swift */,
			);
			path = ProfileTests;
			sourceTree = "<group>";
		};
		5BB39DF72950A145009544A2 /* Helpers */ = {
			isa = PBXGroup;
			children = (
				5BC9864C2992820500998E33 /* UIBlokingProgressHUD.swift */,
				5BB39DF52950A13F009544A2 /* UIColor+extension.swift */,
				5B7F822C29537BB500BC9138 /* Collection+extension.swift */,
				5BE0A05F298A4B38008EA01F /* URLRequest+extension.swift */,
				5BE0A061298A4BB9008EA01F /* URLSession+extension.swift */,
				5B54BD10299E4043004B5B79 /* UIView+extension.swift */,
				5B54BD12299E4699004B5B79 /* UIViewController+extension.swift */,
			);
			path = Helpers;
			sourceTree = "<group>";
		};
		5BB39DF82950A555009544A2 /* Resources */ = {
			isa = PBXGroup;
			children = (
				5B7F82292953766700BC9138 /* SF-Pro.ttf */,
				5B8CCDDB29503B40002E601E /* Assets.xcassets */,
				5B8CCDE029503B40002E601E /* Info.plist */,
				5B8CCDDD29503B40002E601E /* LaunchScreen.storyboard */,
				5BE0A052298A4132008EA01F /* AuthConfiguration.swift */,
			);
			path = Resources;
			sourceTree = "<group>";
		};
		5BB39DF92950A595009544A2 /* Application */ = {
			isa = PBXGroup;
			children = (
				5B8CCDD229503B3F002E601E /* AppDelegate.swift */,
				5B8CCDD429503B3F002E601E /* SceneDelegate.swift */,
				5B54BD07299E1065004B5B79 /* TabBarController.swift */,
			);
			path = Application;
			sourceTree = "<group>";
		};
		5BE0A054298A44AF008EA01F /* Authorize */ = {
			isa = PBXGroup;
			children = (
				5B54BD0C299E3D55004B5B79 /* AuthViewController  */,
				5B54BD14299E49B8004B5B79 /* WebViewViewController */,
				5BE0A065298A536B008EA01F /* Storage */,
			);
			path = Authorize;
			sourceTree = "<group>";
		};
		5BE0A059298A4A1A008EA01F /* Models */ = {
			isa = PBXGroup;
			children = (
				5BE0A05A298A4A3C008EA01F /* OAuthTokenResponseBody.swift */,
			);
			path = Models;
			sourceTree = "<group>";
		};
		5BE0A05C298A4AB6008EA01F /* OAuth2Service */ = {
			isa = PBXGroup;
			children = (
				5BF1E315299AB7F100A0BA08 /* Service */,
				5BE0A059298A4A1A008EA01F /* Models */,
			);
			path = OAuth2Service;
			sourceTree = "<group>";
		};
		5BE0A065298A536B008EA01F /* Storage */ = {
			isa = PBXGroup;
			children = (
				5BE0A063298A4D24008EA01F /* OAuth2TokenStorage.swift */,
			);
			path = Storage;
			sourceTree = "<group>";
		};
		5BF1E30B299AA47400A0BA08 /* ProfileService */ = {
			isa = PBXGroup;
			children = (
				5BF1E30F299AA4C200A0BA08 /* Model */,
				5BF1E30E299AA4A500A0BA08 /* Service */,
			);
			path = ProfileService;
			sourceTree = "<group>";
		};
		5BF1E30E299AA4A500A0BA08 /* Service */ = {
			isa = PBXGroup;
			children = (
				5BF1E30C299AA48700A0BA08 /* ProfileService.swift */,
			);
			path = Service;
			sourceTree = "<group>";
		};
		5BF1E30F299AA4C200A0BA08 /* Model */ = {
			isa = PBXGroup;
			children = (
				5BF1E310299AA4D900A0BA08 /* ProfileResult.swift */,
				5BF1E312299AA59C00A0BA08 /* Profile.swift */,
			);
			path = Model;
			sourceTree = "<group>";
		};
		5BF1E314299AB7D400A0BA08 /* Services */ = {
			isa = PBXGroup;
			children = (
				5B83C9A129A355B000533850 /* ImageListService */,
				5BF1E316299AB82400A0BA08 /* ProfileImageService */,
				5BF1E30B299AA47400A0BA08 /* ProfileService */,
				5BE0A05C298A4AB6008EA01F /* OAuth2Service */,
			);
			path = Services;
			sourceTree = "<group>";
		};
		5BF1E315299AB7F100A0BA08 /* Service */ = {
			isa = PBXGroup;
			children = (
				5BE0A05D298A4AD6008EA01F /* OAuth2Service.swift */,
			);
			path = Service;
			sourceTree = "<group>";
		};
		5BF1E316299AB82400A0BA08 /* ProfileImageService */ = {
			isa = PBXGroup;
			children = (
				5BF1E31A299AB85700A0BA08 /* Model */,
				5BF1E317299AB82E00A0BA08 /* Services */,
			);
			path = ProfileImageService;
			sourceTree = "<group>";
		};
		5BF1E317299AB82E00A0BA08 /* Services */ = {
			isa = PBXGroup;
			children = (
				5BF1E318299AB83800A0BA08 /* ProfileImageService.swift */,
			);
			path = Services;
			sourceTree = "<group>";
		};
		5BF1E31A299AB85700A0BA08 /* Model */ = {
			isa = PBXGroup;
			children = (
				5BF1E31B299AB85E00A0BA08 /* UserResult.swift */,
			);
			path = Model;
			sourceTree = "<group>";
		};
		5BF2D1F6296C6F0200BD3EC5 /* Profile */ = {
			isa = PBXGroup;
			children = (
				5B6502B329A9FED900FF2479 /* LogoutAlert */,
				5BF2D1F7296C6F1D00BD3EC5 /* ProfileViewController.swift */,
				5BF2D1F9296C6F5000BD3EC5 /* ProfileView.swift */,
				5B9DE29A29BC6F1C0049E383 /* ProfilePresenter.swift */,
				5B9DE2A829BC8DFE0049E383 /* ProfileHelperProtocol.swift */,
				5B9DE2AA29BC8E140049E383 /* ProfileHelper.swift */,
			);
			path = Profile;
			sourceTree = "<group>";
		};
		5BF2D1FD296C82A400BD3EC5 /* SharingPresenter */ = {
			isa = PBXGroup;
			children = (
				5BF2D1FE296C82C000BD3EC5 /* SharingPresenter.swift */,
				5BF2D200296C82EE00BD3EC5 /* SharingPresenterProtocol.swift */,
				5BF2D202296C830500BD3EC5 /* SharingPresenterDelegate.swift */,
			);
			path = SharingPresenter;
			sourceTree = "<group>";
		};
/* End PBXGroup section */

/* Begin PBXNativeTarget section */
		5B61396729BB13BD0080CCE2 /* ImageFeedTests */ = {
			isa = PBXNativeTarget;
			buildConfigurationList = 5B61396E29BB13BD0080CCE2 /* Build configuration list for PBXNativeTarget "ImageFeedTests" */;
			buildPhases = (
				5B61396429BB13BD0080CCE2 /* Sources */,
				5B61396529BB13BD0080CCE2 /* Frameworks */,
				5B61396629BB13BD0080CCE2 /* Resources */,
			);
			buildRules = (
			);
			dependencies = (
				5B61396D29BB13BD0080CCE2 /* PBXTargetDependency */,
			);
			name = ImageFeedTests;
			productName = ImageFeedTests;
			productReference = 5B61396829BB13BD0080CCE2 /* ImageFeedTests.xctest */;
			productType = "com.apple.product-type.bundle.unit-test";
		};
		5B8CCDCE29503B3F002E601E /* ImageFeed */ = {
			isa = PBXNativeTarget;
			buildConfigurationList = 5B8CCDE329503B40002E601E /* Build configuration list for PBXNativeTarget "ImageFeed" */;
			buildPhases = (
				5B8CCDCB29503B3F002E601E /* Sources */,
				5B8CCDCC29503B3F002E601E /* Frameworks */,
				5B8CCDCD29503B3F002E601E /* Resources */,
			);
			buildRules = (
			);
			dependencies = (
			);
			name = ImageFeed;
			packageProductDependencies = (
				5BC986492992282300998E33 /* ProgressHUD */,
				5B08F376299CCECE00DDA5ED /* Kingfisher */,
				5B54BD05299E0BAD004B5B79 /* SwiftKeychainWrapper */,
			);
			productName = ImageFeed;
			productReference = 5B8CCDCF29503B3F002E601E /* ImageFeed.app */;
			productType = "com.apple.product-type.application";
		};
/* End PBXNativeTarget section */

/* Begin PBXProject section */
		5B8CCDC729503B3F002E601E /* Project object */ = {
			isa = PBXProject;
			attributes = {
				BuildIndependentTargetsInParallel = 1;
				LastSwiftUpdateCheck = 1410;
				LastUpgradeCheck = 1410;
				TargetAttributes = {
					5B61396729BB13BD0080CCE2 = {
						CreatedOnToolsVersion = 14.1;
						TestTargetID = 5B8CCDCE29503B3F002E601E;
					};
					5B8CCDCE29503B3F002E601E = {
						CreatedOnToolsVersion = 14.1;
					};
				};
			};
			buildConfigurationList = 5B8CCDCA29503B3F002E601E /* Build configuration list for PBXProject "ImageFeed" */;
			compatibilityVersion = "Xcode 14.0";
			developmentRegion = en;
			hasScannedForEncodings = 0;
			knownRegions = (
				en,
				Base,
			);
			mainGroup = 5B8CCDC629503B3F002E601E;
			packageReferences = (
				5BC986482992282200998E33 /* XCRemoteSwiftPackageReference "ProgressHUD" */,
				5B08F375299CCECE00DDA5ED /* XCRemoteSwiftPackageReference "Kingfisher" */,
				5B54BD04299E0BAD004B5B79 /* XCRemoteSwiftPackageReference "SwiftKeychainWrapper" */,
			);
			productRefGroup = 5B8CCDD029503B3F002E601E /* Products */;
			projectDirPath = "";
			projectRoot = "";
			targets = (
				5B8CCDCE29503B3F002E601E /* ImageFeed */,
				5B61396729BB13BD0080CCE2 /* ImageFeedTests */,
			);
		};
/* End PBXProject section */

/* Begin PBXResourcesBuildPhase section */
		5B61396629BB13BD0080CCE2 /* Resources */ = {
			isa = PBXResourcesBuildPhase;
			buildActionMask = 2147483647;
			files = (
			);
			runOnlyForDeploymentPostprocessing = 0;
		};
		5B8CCDCD29503B3F002E601E /* Resources */ = {
			isa = PBXResourcesBuildPhase;
			buildActionMask = 2147483647;
			files = (
				5B8CCDDF29503B40002E601E /* LaunchScreen.storyboard in Resources */,
				5B7F822A2953766A00BC9138 /* SF-Pro.ttf in Resources */,
				5B8CCDDC29503B40002E601E /* Assets.xcassets in Resources */,
			);
			runOnlyForDeploymentPostprocessing = 0;
		};
/* End PBXResourcesBuildPhase section */

/* Begin PBXSourcesBuildPhase section */
		5B61396429BB13BD0080CCE2 /* Sources */ = {
			isa = PBXSourcesBuildPhase;
			buildActionMask = 2147483647;
			files = (
				5B61396B29BB13BD0080CCE2 /* WebViewTests.swift in Sources */,
				5B9DE2A329BC7CF10049E383 /* ProfileViewSpy.swift in Sources */,
				5B61397629BB26950080CCE2 /* WebViewViewControllerSpy.swift in Sources */,
				5B9DE2A729BC7DE10049E383 /* ProfileViewTests.swift in Sources */,
				5B61397229BB14AD0080CCE2 /* WebViewPresenterSpy.swift in Sources */,
				5B9DE2A529BC7D4E0049E383 /* ProfileViewControllerSpy.swift in Sources */,
				5B61397429BB207B0080CCE2 /* WebViewViewSpy.swift in Sources */,
				5B9DE2A129BC7C5F0049E383 /* ProfilePresenterSpy.swift in Sources */,
			);
			runOnlyForDeploymentPostprocessing = 0;
		};
		5B8CCDCB29503B3F002E601E /* Sources */ = {
			isa = PBXSourcesBuildPhase;
			buildActionMask = 2147483647;
			files = (
				5B08F370299CBB9200DDA5ED /* ErrorAuthAlertPresenter.swift in Sources */,
				5B9DE2AB29BC8E140049E383 /* ProfileHelper.swift in Sources */,
				5B54BD08299E1065004B5B79 /* TabBarController.swift in Sources */,
				5B8CCDD729503B3F002E601E /* ImagesListViewController.swift in Sources */,
				5BE0A060298A4B38008EA01F /* URLRequest+extension.swift in Sources */,
				5B6502B529A9FF0500FF2479 /* LogoutAlertModel.swift in Sources */,
				5BF2D1FC296C76E400BD3EC5 /* SingleImageViewController.swift in Sources */,
				5B54BD16299E49D8004B5B79 /* WebViewView.swift in Sources */,
				5B61396329BA419B0080CCE2 /* AuthHelper.swift in Sources */,
				5B7F822F29537CA100BC9138 /* ImagesListCell.swift in Sources */,
				5BF2D1FF296C82C000BD3EC5 /* SharingPresenter.swift in Sources */,
				5B8CCDD329503B3F002E601E /* AppDelegate.swift in Sources */,
				5B83C9A929A3590000533850 /* PhotoResult.swift in Sources */,
				5B6502AE29A9F1DC00FF2479 /* LoadImageErrorAlertPresenter.swift in Sources */,
				5B8CCDD529503B3F002E601E /* SceneDelegate.swift in Sources */,
				5BE0A062298A4BB9008EA01F /* URLSession+extension.swift in Sources */,
				5B54BD11299E4043004B5B79 /* UIView+extension.swift in Sources */,
				5BF1E31C299AB85E00A0BA08 /* UserResult.swift in Sources */,
				5B08F372299CBBD500DDA5ED /* ErrorAuthAlertPresenterProtocol.swift in Sources */,
				5BF1E30D299AA48700A0BA08 /* ProfileService.swift in Sources */,
				5B9DE2A929BC8DFE0049E383 /* ProfileHelperProtocol.swift in Sources */,
				5BE0A05B298A4A3C008EA01F /* OAuthTokenResponseBody.swift in Sources */,
				5B6502B929A9FF8400FF2479 /* LogoutAlertPresenterProtocol.swift in Sources */,
				5B6502B729A9FF3A00FF2479 /* LogoutAlertPresenterDelegate.swift in Sources */,
				5BF2D1F8296C6F1D00BD3EC5 /* ProfileViewController.swift in Sources */,
				5BE0A053298A4132008EA01F /* AuthConfiguration.swift in Sources */,
				5BF2D201296C82EE00BD3EC5 /* SharingPresenterProtocol.swift in Sources */,
				5BE0A067298A54C3008EA01F /* SplashViewController.swift in Sources */,
				5BE0A064298A4D24008EA01F /* OAuth2TokenStorage.swift in Sources */,
				5B54BD13299E4699004B5B79 /* UIViewController+extension.swift in Sources */,
				5B54BD0A299E1B3D004B5B79 /* SplashViewControllerScreen.swift in Sources */,
				5B83C9A529A3561100533850 /* ImageListService.swift in Sources */,
				5B83C9A729A3567600533850 /* Photo.swift in Sources */,
				5BE0A05E298A4AD6008EA01F /* OAuth2Service.swift in Sources */,
				5BF1E313299AA59C00A0BA08 /* Profile.swift in Sources */,
				5B61396129BA413C0080CCE2 /* AuthHelperProtocol.swift in Sources */,
				5BF2D203296C830500BD3EC5 /* SharingPresenterDelegate.swift in Sources */,
				5BE0A058298A4786008EA01F /* WebViewViewController.swift in Sources */,
				5B61395F29B9D13D0080CCE2 /* WebViewPresenter.swift in Sources */,
				5B54BD0E299E3D79004B5B79 /* AuthViewControllerScreen.swift in Sources */,
				5BE0A056298A44FF008EA01F /* AuthViewController.swift in Sources */,
				5B08F374299CBC7F00DDA5ED /* AuthErrorAlertPresenterDelegate.swift in Sources */,
				5B54BD1A299E57A0004B5B79 /* SingleImageViewControllerScreen.swift in Sources */,
				5B7F822D29537BB500BC9138 /* Collection+extension.swift in Sources */,
				5BB39DF62950A13F009544A2 /* UIColor+extension.swift in Sources */,
				5BF2D1FA296C6F5000BD3EC5 /* ProfileView.swift in Sources */,
				5B9DE29B29BC6F1C0049E383 /* ProfilePresenter.swift in Sources */,
				5B6502BB29A9FFA600FF2479 /* LogoutAlertPresenter.swift in Sources */,
				5BF1E311299AA4D900A0BA08 /* ProfileResult.swift in Sources */,
				5BC9864D2992820500998E33 /* UIBlokingProgressHUD.swift in Sources */,
				5BF1E319299AB83800A0BA08 /* ProfileImageService.swift in Sources */,
				5B6502B029A9F2B300FF2479 /* LoadImageErrorAlertProtocol.swift in Sources */,
				5B08F36E299CBAD000DDA5ED /* ErrorAlertModel.swift in Sources */,
			);
			runOnlyForDeploymentPostprocessing = 0;
		};
/* End PBXSourcesBuildPhase section */

/* Begin PBXTargetDependency section */
		5B61396D29BB13BD0080CCE2 /* PBXTargetDependency */ = {
			isa = PBXTargetDependency;
			target = 5B8CCDCE29503B3F002E601E /* ImageFeed */;
			targetProxy = 5B61396C29BB13BD0080CCE2 /* PBXContainerItemProxy */;
		};
/* End PBXTargetDependency section */

/* Begin PBXVariantGroup section */
		5B8CCDDD29503B40002E601E /* LaunchScreen.storyboard */ = {
			isa = PBXVariantGroup;
			children = (
				5B8CCDDE29503B40002E601E /* Base */,
			);
			name = LaunchScreen.storyboard;
			sourceTree = "<group>";
		};
/* End PBXVariantGroup section */

/* Begin XCBuildConfiguration section */
		5B61396F29BB13BD0080CCE2 /* Debug */ = {
			isa = XCBuildConfiguration;
			buildSettings = {
				BUNDLE_LOADER = "$(TEST_HOST)";
				CODE_SIGN_STYLE = Automatic;
				CURRENT_PROJECT_VERSION = 1;
				DEVELOPMENT_TEAM = KL9Y7R8H95;
				GENERATE_INFOPLIST_FILE = YES;
				MARKETING_VERSION = 1.0;
				PRODUCT_BUNDLE_IDENTIFIER = Pussmal.ImageFeedTests;
				PRODUCT_NAME = "$(TARGET_NAME)";
				SWIFT_EMIT_LOC_STRINGS = NO;
				SWIFT_VERSION = 5.0;
				TARGETED_DEVICE_FAMILY = "1,2";
				TEST_HOST = "$(BUILT_PRODUCTS_DIR)/ImageFeed.app/$(BUNDLE_EXECUTABLE_FOLDER_PATH)/ImageFeed";
			};
			name = Debug;
		};
		5B61397029BB13BD0080CCE2 /* Release */ = {
			isa = XCBuildConfiguration;
			buildSettings = {
				BUNDLE_LOADER = "$(TEST_HOST)";
				CODE_SIGN_STYLE = Automatic;
				CURRENT_PROJECT_VERSION = 1;
				DEVELOPMENT_TEAM = KL9Y7R8H95;
				GENERATE_INFOPLIST_FILE = YES;
				MARKETING_VERSION = 1.0;
				PRODUCT_BUNDLE_IDENTIFIER = Pussmal.ImageFeedTests;
				PRODUCT_NAME = "$(TARGET_NAME)";
				SWIFT_EMIT_LOC_STRINGS = NO;
				SWIFT_VERSION = 5.0;
				TARGETED_DEVICE_FAMILY = "1,2";
				TEST_HOST = "$(BUILT_PRODUCTS_DIR)/ImageFeed.app/$(BUNDLE_EXECUTABLE_FOLDER_PATH)/ImageFeed";
			};
			name = Release;
		};
		5B8CCDE129503B40002E601E /* Debug */ = {
			isa = XCBuildConfiguration;
			buildSettings = {
				ALWAYS_SEARCH_USER_PATHS = NO;
				CLANG_ANALYZER_NONNULL = YES;
				CLANG_ANALYZER_NUMBER_OBJECT_CONVERSION = YES_AGGRESSIVE;
				CLANG_CXX_LANGUAGE_STANDARD = "gnu++20";
				CLANG_ENABLE_MODULES = YES;
				CLANG_ENABLE_OBJC_ARC = YES;
				CLANG_ENABLE_OBJC_WEAK = YES;
				CLANG_WARN_BLOCK_CAPTURE_AUTORELEASING = YES;
				CLANG_WARN_BOOL_CONVERSION = YES;
				CLANG_WARN_COMMA = YES;
				CLANG_WARN_CONSTANT_CONVERSION = YES;
				CLANG_WARN_DEPRECATED_OBJC_IMPLEMENTATIONS = YES;
				CLANG_WARN_DIRECT_OBJC_ISA_USAGE = YES_ERROR;
				CLANG_WARN_DOCUMENTATION_COMMENTS = YES;
				CLANG_WARN_EMPTY_BODY = YES;
				CLANG_WARN_ENUM_CONVERSION = YES;
				CLANG_WARN_INFINITE_RECURSION = YES;
				CLANG_WARN_INT_CONVERSION = YES;
				CLANG_WARN_NON_LITERAL_NULL_CONVERSION = YES;
				CLANG_WARN_OBJC_IMPLICIT_RETAIN_SELF = YES;
				CLANG_WARN_OBJC_LITERAL_CONVERSION = YES;
				CLANG_WARN_OBJC_ROOT_CLASS = YES_ERROR;
				CLANG_WARN_QUOTED_INCLUDE_IN_FRAMEWORK_HEADER = YES;
				CLANG_WARN_RANGE_LOOP_ANALYSIS = YES;
				CLANG_WARN_STRICT_PROTOTYPES = YES;
				CLANG_WARN_SUSPICIOUS_MOVE = YES;
				CLANG_WARN_UNGUARDED_AVAILABILITY = YES_AGGRESSIVE;
				CLANG_WARN_UNREACHABLE_CODE = YES;
				CLANG_WARN__DUPLICATE_METHOD_MATCH = YES;
				COPY_PHASE_STRIP = NO;
				DEBUG_INFORMATION_FORMAT = dwarf;
				ENABLE_STRICT_OBJC_MSGSEND = YES;
				ENABLE_TESTABILITY = YES;
				GCC_C_LANGUAGE_STANDARD = gnu11;
				GCC_DYNAMIC_NO_PIC = NO;
				GCC_NO_COMMON_BLOCKS = YES;
				GCC_OPTIMIZATION_LEVEL = 0;
				GCC_PREPROCESSOR_DEFINITIONS = (
					"DEBUG=1",
					"$(inherited)",
				);
				GCC_WARN_64_TO_32_BIT_CONVERSION = YES;
				GCC_WARN_ABOUT_RETURN_TYPE = YES_ERROR;
				GCC_WARN_UNDECLARED_SELECTOR = YES;
				GCC_WARN_UNINITIALIZED_AUTOS = YES_AGGRESSIVE;
				GCC_WARN_UNUSED_FUNCTION = YES;
				GCC_WARN_UNUSED_VARIABLE = YES;
				IPHONEOS_DEPLOYMENT_TARGET = 16.1;
				MTL_ENABLE_DEBUG_INFO = INCLUDE_SOURCE;
				MTL_FAST_MATH = YES;
				ONLY_ACTIVE_ARCH = YES;
				SDKROOT = iphoneos;
				SWIFT_ACTIVE_COMPILATION_CONDITIONS = DEBUG;
				SWIFT_OPTIMIZATION_LEVEL = "-Onone";
			};
			name = Debug;
		};
		5B8CCDE229503B40002E601E /* Release */ = {
			isa = XCBuildConfiguration;
			buildSettings = {
				ALWAYS_SEARCH_USER_PATHS = NO;
				CLANG_ANALYZER_NONNULL = YES;
				CLANG_ANALYZER_NUMBER_OBJECT_CONVERSION = YES_AGGRESSIVE;
				CLANG_CXX_LANGUAGE_STANDARD = "gnu++20";
				CLANG_ENABLE_MODULES = YES;
				CLANG_ENABLE_OBJC_ARC = YES;
				CLANG_ENABLE_OBJC_WEAK = YES;
				CLANG_WARN_BLOCK_CAPTURE_AUTORELEASING = YES;
				CLANG_WARN_BOOL_CONVERSION = YES;
				CLANG_WARN_COMMA = YES;
				CLANG_WARN_CONSTANT_CONVERSION = YES;
				CLANG_WARN_DEPRECATED_OBJC_IMPLEMENTATIONS = YES;
				CLANG_WARN_DIRECT_OBJC_ISA_USAGE = YES_ERROR;
				CLANG_WARN_DOCUMENTATION_COMMENTS = YES;
				CLANG_WARN_EMPTY_BODY = YES;
				CLANG_WARN_ENUM_CONVERSION = YES;
				CLANG_WARN_INFINITE_RECURSION = YES;
				CLANG_WARN_INT_CONVERSION = YES;
				CLANG_WARN_NON_LITERAL_NULL_CONVERSION = YES;
				CLANG_WARN_OBJC_IMPLICIT_RETAIN_SELF = YES;
				CLANG_WARN_OBJC_LITERAL_CONVERSION = YES;
				CLANG_WARN_OBJC_ROOT_CLASS = YES_ERROR;
				CLANG_WARN_QUOTED_INCLUDE_IN_FRAMEWORK_HEADER = YES;
				CLANG_WARN_RANGE_LOOP_ANALYSIS = YES;
				CLANG_WARN_STRICT_PROTOTYPES = YES;
				CLANG_WARN_SUSPICIOUS_MOVE = YES;
				CLANG_WARN_UNGUARDED_AVAILABILITY = YES_AGGRESSIVE;
				CLANG_WARN_UNREACHABLE_CODE = YES;
				CLANG_WARN__DUPLICATE_METHOD_MATCH = YES;
				COPY_PHASE_STRIP = NO;
				DEBUG_INFORMATION_FORMAT = "dwarf-with-dsym";
				ENABLE_NS_ASSERTIONS = NO;
				ENABLE_STRICT_OBJC_MSGSEND = YES;
				GCC_C_LANGUAGE_STANDARD = gnu11;
				GCC_NO_COMMON_BLOCKS = YES;
				GCC_WARN_64_TO_32_BIT_CONVERSION = YES;
				GCC_WARN_ABOUT_RETURN_TYPE = YES_ERROR;
				GCC_WARN_UNDECLARED_SELECTOR = YES;
				GCC_WARN_UNINITIALIZED_AUTOS = YES_AGGRESSIVE;
				GCC_WARN_UNUSED_FUNCTION = YES;
				GCC_WARN_UNUSED_VARIABLE = YES;
				IPHONEOS_DEPLOYMENT_TARGET = 16.1;
				MTL_ENABLE_DEBUG_INFO = NO;
				MTL_FAST_MATH = YES;
				SDKROOT = iphoneos;
				SWIFT_COMPILATION_MODE = wholemodule;
				SWIFT_OPTIMIZATION_LEVEL = "-O";
				VALIDATE_PRODUCT = YES;
			};
			name = Release;
		};
		5B8CCDE429503B40002E601E /* Debug */ = {
			isa = XCBuildConfiguration;
			buildSettings = {
				ASSETCATALOG_COMPILER_APPICON_NAME = AppIcon;
				ASSETCATALOG_COMPILER_GLOBAL_ACCENT_COLOR_NAME = AccentColor;
				CODE_SIGN_STYLE = Automatic;
				CURRENT_PROJECT_VERSION = 1;
				DEVELOPMENT_TEAM = KL9Y7R8H95;
				GENERATE_INFOPLIST_FILE = YES;
				INFOPLIST_FILE = ImageFeed/Resources/Info.plist;
				INFOPLIST_KEY_NSPhotoLibraryAddUsageDescription = "Сохрани меня! ";
				INFOPLIST_KEY_UIApplicationSupportsIndirectInputEvents = YES;
				INFOPLIST_KEY_UILaunchStoryboardName = LaunchScreen;
				INFOPLIST_KEY_UISupportedInterfaceOrientations = UIInterfaceOrientationPortrait;
				INFOPLIST_KEY_UISupportedInterfaceOrientations_iPad = UIInterfaceOrientationPortrait;
				IPHONEOS_DEPLOYMENT_TARGET = 13.0;
				LD_RUNPATH_SEARCH_PATHS = (
					"$(inherited)",
					"@executable_path/Frameworks",
				);
				MARKETING_VERSION = 1.0;
				PRODUCT_BUNDLE_IDENTIFIER = Pussmal.ImageFeed;
				PRODUCT_NAME = "$(TARGET_NAME)";
				SUPPORTED_PLATFORMS = "iphoneos iphonesimulator";
				SUPPORTS_MACCATALYST = NO;
				SUPPORTS_MAC_DESIGNED_FOR_IPHONE_IPAD = NO;
				SWIFT_EMIT_LOC_STRINGS = YES;
				SWIFT_VERSION = 5.0;
				TARGETED_DEVICE_FAMILY = 1;
			};
			name = Debug;
		};
		5B8CCDE529503B40002E601E /* Release */ = {
			isa = XCBuildConfiguration;
			buildSettings = {
				ASSETCATALOG_COMPILER_APPICON_NAME = AppIcon;
				ASSETCATALOG_COMPILER_GLOBAL_ACCENT_COLOR_NAME = AccentColor;
				CODE_SIGN_STYLE = Automatic;
				CURRENT_PROJECT_VERSION = 1;
				DEVELOPMENT_TEAM = KL9Y7R8H95;
				GENERATE_INFOPLIST_FILE = YES;
				INFOPLIST_FILE = ImageFeed/Resources/Info.plist;
				INFOPLIST_KEY_NSPhotoLibraryAddUsageDescription = "Сохрани меня! ";
				INFOPLIST_KEY_UIApplicationSupportsIndirectInputEvents = YES;
				INFOPLIST_KEY_UILaunchStoryboardName = LaunchScreen;
				INFOPLIST_KEY_UISupportedInterfaceOrientations = UIInterfaceOrientationPortrait;
				INFOPLIST_KEY_UISupportedInterfaceOrientations_iPad = UIInterfaceOrientationPortrait;
				IPHONEOS_DEPLOYMENT_TARGET = 13.0;
				LD_RUNPATH_SEARCH_PATHS = (
					"$(inherited)",
					"@executable_path/Frameworks",
				);
				MARKETING_VERSION = 1.0;
				PRODUCT_BUNDLE_IDENTIFIER = Pussmal.ImageFeed;
				PRODUCT_NAME = "$(TARGET_NAME)";
				SUPPORTED_PLATFORMS = "iphoneos iphonesimulator";
				SUPPORTS_MACCATALYST = NO;
				SUPPORTS_MAC_DESIGNED_FOR_IPHONE_IPAD = NO;
				SWIFT_EMIT_LOC_STRINGS = YES;
				SWIFT_VERSION = 5.0;
				TARGETED_DEVICE_FAMILY = 1;
			};
			name = Release;
		};
/* End XCBuildConfiguration section */

/* Begin XCConfigurationList section */
		5B61396E29BB13BD0080CCE2 /* Build configuration list for PBXNativeTarget "ImageFeedTests" */ = {
			isa = XCConfigurationList;
			buildConfigurations = (
				5B61396F29BB13BD0080CCE2 /* Debug */,
				5B61397029BB13BD0080CCE2 /* Release */,
			);
			defaultConfigurationIsVisible = 0;
			defaultConfigurationName = Release;
		};
		5B8CCDCA29503B3F002E601E /* Build configuration list for PBXProject "ImageFeed" */ = {
			isa = XCConfigurationList;
			buildConfigurations = (
				5B8CCDE129503B40002E601E /* Debug */,
				5B8CCDE229503B40002E601E /* Release */,
			);
			defaultConfigurationIsVisible = 0;
			defaultConfigurationName = Release;
		};
		5B8CCDE329503B40002E601E /* Build configuration list for PBXNativeTarget "ImageFeed" */ = {
			isa = XCConfigurationList;
			buildConfigurations = (
				5B8CCDE429503B40002E601E /* Debug */,
				5B8CCDE529503B40002E601E /* Release */,
			);
			defaultConfigurationIsVisible = 0;
			defaultConfigurationName = Release;
		};
/* End XCConfigurationList section */

/* Begin XCRemoteSwiftPackageReference section */
		5B08F375299CCECE00DDA5ED /* XCRemoteSwiftPackageReference "Kingfisher" */ = {
			isa = XCRemoteSwiftPackageReference;
			repositoryURL = "https://github.com/onevcat/Kingfisher.git";
			requirement = {
				kind = upToNextMajorVersion;
				minimumVersion = 7.0.0;
			};
		};
		5B54BD04299E0BAD004B5B79 /* XCRemoteSwiftPackageReference "SwiftKeychainWrapper" */ = {
			isa = XCRemoteSwiftPackageReference;
			repositoryURL = "https://github.com/jrendel/SwiftKeychainWrapper.git";
			requirement = {
				kind = upToNextMajorVersion;
				minimumVersion = 4.0.0;
			};
		};
		5BC986482992282200998E33 /* XCRemoteSwiftPackageReference "ProgressHUD" */ = {
			isa = XCRemoteSwiftPackageReference;
			repositoryURL = "https://github.com/relatedcode/ProgressHUD";
			requirement = {
				branch = master;
				kind = branch;
			};
		};
/* End XCRemoteSwiftPackageReference section */

/* Begin XCSwiftPackageProductDependency section */
		5B08F376299CCECE00DDA5ED /* Kingfisher */ = {
			isa = XCSwiftPackageProductDependency;
			package = 5B08F375299CCECE00DDA5ED /* XCRemoteSwiftPackageReference "Kingfisher" */;
			productName = Kingfisher;
		};
		5B54BD05299E0BAD004B5B79 /* SwiftKeychainWrapper */ = {
			isa = XCSwiftPackageProductDependency;
			package = 5B54BD04299E0BAD004B5B79 /* XCRemoteSwiftPackageReference "SwiftKeychainWrapper" */;
			productName = SwiftKeychainWrapper;
		};
		5BC986492992282300998E33 /* ProgressHUD */ = {
			isa = XCSwiftPackageProductDependency;
			package = 5BC986482992282200998E33 /* XCRemoteSwiftPackageReference "ProgressHUD" */;
			productName = ProgressHUD;
		};
/* End XCSwiftPackageProductDependency section */
	};
	rootObject = 5B8CCDC729503B3F002E601E /* Project object */;
}
